{
  "name": "shelly-hub",
  "version": "1.0.0",
  "lockfileVersion": 1,
  "requires": true,
  "dependencies": {
    "@babel/parser": {
      "version": "7.13.13",
      "resolved": "http://repo.omgeving.vlaanderen.be:80/artifactory/api/npm/acd-npm/@babel/parser/-/parser-7.13.13.tgz",
      "integrity": "sha1-QvA4YvSu1QRh5UMnCRa0fdUB8N8=",
      "dev": true
    },
    "argparse": {
      "version": "1.0.10",
      "resolved": "http://repo.omgeving.vlaanderen.be:80/artifactory/api/npm/acd-npm/argparse/-/argparse-1.0.10.tgz",
      "integrity": "sha1-vNZ5HqWuCXJeF+WtmIE0zUCz2RE=",
      "dev": true,
      "requires": {
        "sprintf-js": "~1.0.2"
      }
    },
    "bluebird": {
      "version": "3.7.2",
      "resolved": "http://repo.omgeving.vlaanderen.be:80/artifactory/api/npm/acd-npm/bluebird/-/bluebird-3.7.2.tgz",
      "integrity": "sha1-nyKcFb4nJFT/qXOs4NvueaGww28=",
      "dev": true
    },
    "catharsis": {
      "version": "0.8.11",
      "resolved": "http://repo.omgeving.vlaanderen.be:80/artifactory/api/npm/acd-npm/catharsis/-/catharsis-0.8.11.tgz",
      "integrity": "sha1-0Os9K4K32no84u+xp7AL7MZkNGg=",
      "dev": true,
      "requires": {
        "lodash": "^4.17.14"
      }
    },
    "entities": {
      "version": "2.0.3",
      "resolved": "http://repo.omgeving.vlaanderen.be:80/artifactory/api/npm/acd-npm/entities/-/entities-2.0.3.tgz",
      "integrity": "sha1-XEh+V0Krk8Fau12iJ1m4WQ7AO38=",
      "dev": true
    },
    "escape-string-regexp": {
      "version": "2.0.0",
      "resolved": "http://repo.omgeving.vlaanderen.be:80/artifactory/api/npm/acd-npm/escape-string-regexp/-/escape-string-regexp-2.0.0.tgz",
      "integrity": "sha1-owME6Z2qMuI7L9IPUbq9B8/8o0Q=",
      "dev": true
    },
    "graceful-fs": {
      "version": "4.2.6",
      "resolved": "http://repo.omgeving.vlaanderen.be:80/artifactory/api/npm/acd-npm/graceful-fs/-/graceful-fs-4.2.6.tgz",
      "integrity": "sha1-/wQLKwhTsjw9MQJ1I3BvGIXXa+4=",
      "dev": true
    },
    "js2xmlparser": {
      "version": "4.0.1",
      "resolved": "http://repo.omgeving.vlaanderen.be:80/artifactory/api/npm/acd-npm/js2xmlparser/-/js2xmlparser-4.0.1.tgz",
      "integrity": "sha1-Zw73G8VmHwicyQSBuZoFoSJ6470=",
      "dev": true,
      "requires": {
        "xmlcreate": "^2.0.3"
      }
    },
    "jsdoc": {
      "version": "3.6.6",
      "resolved": "http://repo.omgeving.vlaanderen.be:80/artifactory/api/npm/acd-npm/jsdoc/-/jsdoc-3.6.6.tgz",
      "integrity": "sha1-n+Fiu9sT7nmIv3Q1K1FHVlvP2OE=",
      "dev": true,
      "requires": {
        "@babel/parser": "^7.9.4",
        "bluebird": "^3.7.2",
        "catharsis": "^0.8.11",
        "escape-string-regexp": "^2.0.0",
        "js2xmlparser": "^4.0.1",
        "klaw": "^3.0.0",
        "markdown-it": "^10.0.0",
        "markdown-it-anchor": "^5.2.7",
        "marked": "^0.8.2",
        "mkdirp": "^1.0.4",
        "requizzle": "^0.2.3",
        "strip-json-comments": "^3.1.0",
        "taffydb": "2.6.2",
        "underscore": "~1.10.2"
      }
    },
    "klaw": {
      "version": "3.0.0",
      "resolved": "http://repo.omgeving.vlaanderen.be:80/artifactory/api/npm/acd-npm/klaw/-/klaw-3.0.0.tgz",
      "integrity": "sha1-sRvsnPJJLwZ1bW6Amrc6KRAlkUY=",
      "dev": true,
      "requires": {
        "graceful-fs": "^4.1.9"
      }
    },
    "linkify-it": {
      "version": "2.2.0",
      "resolved": "http://repo.omgeving.vlaanderen.be:80/artifactory/api/npm/acd-npm/linkify-it/-/linkify-it-2.2.0.tgz",
      "integrity": "sha1-47VGl+eL+RXHCjis14/QngBYsc8=",
      "dev": true,
      "requires": {
        "uc.micro": "^1.0.1"
      }
    },
    "lodash": {
      "version": "4.17.21",
      "resolved": "http://repo.omgeving.vlaanderen.be:80/artifactory/api/npm/acd-npm/lodash/-/lodash-4.17.21.tgz",
      "integrity": "sha1-Z5WRxWTDv/quhFTPCz3zcMPWkRw=",
      "dev": true
    },
    "markdown-it": {
      "version": "10.0.0",
      "resolved": "http://repo.omgeving.vlaanderen.be:80/artifactory/api/npm/acd-npm/markdown-it/-/markdown-it-10.0.0.tgz",
      "integrity": "sha1-q/xk8UGxci1mNAIETkOSfx9QqNw=",
      "dev": true,
      "requires": {
        "argparse": "^1.0.7",
        "entities": "~2.0.0",
        "linkify-it": "^2.0.0",
        "mdurl": "^1.0.1",
        "uc.micro": "^1.0.5"
      }
    },
    "markdown-it-anchor": {
      "version": "5.3.0",
      "resolved": "http://repo.omgeving.vlaanderen.be:80/artifactory/api/npm/acd-npm/markdown-it-anchor/-/markdown-it-anchor-5.3.0.tgz",
      "integrity": "sha1-1Ums1khWqOzRvqWDZe84Xv+6x0Q=",
      "dev": true
    },
    "marked": {
      "version": "0.8.2",
      "resolved": "http://repo.omgeving.vlaanderen.be:80/artifactory/api/npm/acd-npm/marked/-/marked-0.8.2.tgz",
      "integrity": "sha1-T6rSjSbt41Gnoaql/sZ5Fchp41U=",
      "dev": true
    },
    "mdurl": {
      "version": "1.0.1",
      "resolved": "http://repo.omgeving.vlaanderen.be:80/artifactory/api/npm/acd-npm/mdurl/-/mdurl-1.0.1.tgz",
      "integrity": "sha1-/oWy7HWlkDfyrf7BAP1sYBdhFS4=",
      "dev": true
    },
    "mkdirp": {
      "version": "1.0.4",
      "resolved": "http://repo.omgeving.vlaanderen.be:80/artifactory/api/npm/acd-npm/mkdirp/-/mkdirp-1.0.4.tgz",
      "integrity": "sha1-PrXtYmInVteaXw4qIh3+utdcL34=",
      "dev": true
    },
    "requizzle": {
      "version": "0.2.3",
      "resolved": "http://repo.omgeving.vlaanderen.be:80/artifactory/api/npm/acd-npm/requizzle/-/requizzle-0.2.3.tgz",
      "integrity": "sha1-RnXJCqyvssA2vTm6LapKHLd3/e0=",
      "dev": true,
      "requires": {
        "lodash": "^4.17.14"
      }
    },
    "sprintf-js": {
      "version": "1.0.3",
      "resolved": "http://repo.omgeving.vlaanderen.be:80/artifactory/api/npm/acd-npm/sprintf-js/-/sprintf-js-1.0.3.tgz",
      "integrity": "sha1-BOaSb2YolTVPPdAVIDYzuFcpfiw=",
      "dev": true
    },
    "strip-json-comments": {
      "version": "3.1.1",
      "resolved": "http://repo.omgeving.vlaanderen.be:80/artifactory/api/npm/acd-npm/strip-json-comments/-/strip-json-comments-3.1.1.tgz",
      "integrity": "sha1-MfEoGzgyYwQ0gxwxDAHMzajL4AY=",
      "dev": true
    },
    "taffydb": {
      "version": "2.6.2",
      "resolved": "http://repo.omgeving.vlaanderen.be:80/artifactory/api/npm/acd-npm/taffydb/-/taffydb-2.6.2.tgz",
      "integrity": "sha1-fLy2S1oUG2ou/CxdLGe04VCyomg=",
      "dev": true
    },
    "uc.micro": {
      "version": "1.0.6",
      "resolved": "http://repo.omgeving.vlaanderen.be:80/artifactory/api/npm/acd-npm/uc.micro/-/uc.micro-1.0.6.tgz",
      "integrity": "sha1-nEEagCpAmpH8bPdAgbq6NLJEmaw=",
      "dev": true
    },
    "underscore": {
      "version": "1.10.2",
      "resolved": "http://repo.omgeving.vlaanderen.be:80/artifactory/api/npm/acd-npm/underscore/-/underscore-1.10.2.tgz",
      "integrity": "sha1-c9aqNmjzGI5K2w8ZQ70Sz9fvqq8=",
      "dev": true
    },
    "xmlcreate": {
      "version": "2.0.3",
      "resolved": "http://repo.omgeving.vlaanderen.be:80/artifactory/api/npm/acd-npm/xmlcreate/-/xmlcreate-2.0.3.tgz",
      "integrity": "sha1-357NUY/TiQqzVI4bgR0EBhSZNJc=",
      "dev": true
    }
  }
}
